// !$*UTF8*$!
{
	archiveVersion = 1;
	classes = {
	};
	objectVersion = 56;
	objects = {

/* Begin PBXBuildFile section */
		973E65852BB5EB790011178A /* Globals.swift in Sources */ = {isa = PBXBuildFile; fileRef = 973E65842BB5EB790011178A /* Globals.swift */; };
		973E65882BB6756E0011178A /* ProductDetailView.swift in Sources */ = {isa = PBXBuildFile; fileRef = 973E65872BB6756E0011178A /* ProductDetailView.swift */; };
		973E658A2BB677150011178A /* ProductDetailViewModel.swift in Sources */ = {isa = PBXBuildFile; fileRef = 973E65892BB677150011178A /* ProductDetailViewModel.swift */; };
		974BB7A62BB8B86300089E99 /* CartProduct.swift in Sources */ = {isa = PBXBuildFile; fileRef = 974BB7A52BB8B86300089E99 /* CartProduct.swift */; };
		975A8A772BB8AF0100FD3738 /* BagView.swift in Sources */ = {isa = PBXBuildFile; fileRef = 975A8A762BB8AF0100FD3738 /* BagView.swift */; };
		975F8DF02BAA110A00558B5F /* ProductView.swift in Sources */ = {isa = PBXBuildFile; fileRef = 975F8DEF2BAA110A00558B5F /* ProductView.swift */; };
		97630EF62B9CCF53008FF557 /* ClothifyApp.swift in Sources */ = {isa = PBXBuildFile; fileRef = 97630EF52B9CCF53008FF557 /* ClothifyApp.swift */; };
		97630EF82B9CCF53008FF557 /* HomeView.swift in Sources */ = {isa = PBXBuildFile; fileRef = 97630EF72B9CCF53008FF557 /* HomeView.swift */; };
		97630EFA2B9CCF5A008FF557 /* Assets.xcassets in Resources */ = {isa = PBXBuildFile; fileRef = 97630EF92B9CCF5A008FF557 /* Assets.xcassets */; };
		97630EFD2B9CCF5A008FF557 /* Preview Assets.xcassets in Resources */ = {isa = PBXBuildFile; fileRef = 97630EFC2B9CCF5A008FF557 /* Preview Assets.xcassets */; };
		97ACAE242BB3481500A04379 /* Product.swift in Sources */ = {isa = PBXBuildFile; fileRef = 97ACAE232BB3481500A04379 /* Product.swift */; };
		97ACAE262BB34A5D00A04379 /* ProductViewModel.swift in Sources */ = {isa = PBXBuildFile; fileRef = 97ACAE252BB34A5D00A04379 /* ProductViewModel.swift */; };
		97B921562B9D7CCC0053AEED /* Metropolis-Medium.otf in Resources */ = {isa = PBXBuildFile; fileRef = 97B921522B9D7CCC0053AEED /* Metropolis-Medium.otf */; };
		97B921572B9D7CCC0053AEED /* Metropolis-SemiBold.otf in Resources */ = {isa = PBXBuildFile; fileRef = 97B921532B9D7CCC0053AEED /* Metropolis-SemiBold.otf */; };
		97B921582B9D7CCC0053AEED /* Metropolis-Regular.otf in Resources */ = {isa = PBXBuildFile; fileRef = 97B921542B9D7CCC0053AEED /* Metropolis-Regular.otf */; };
		97B921592B9D7CCC0053AEED /* Metropolis-Bold.otf in Resources */ = {isa = PBXBuildFile; fileRef = 97B921552B9D7CCC0053AEED /* Metropolis-Bold.otf */; };
		97B9215C2B9D855D0053AEED /* Launch Screen.storyboard in Resources */ = {isa = PBXBuildFile; fileRef = 97B9215B2B9D855D0053AEED /* Launch Screen.storyboard */; };
		97B921602B9D949A0053AEED /* UIExtension.swift in Sources */ = {isa = PBXBuildFile; fileRef = 97B9215F2B9D949A0053AEED /* UIExtension.swift */; };
		97B921622B9DA0EF0053AEED /* RoundButton.swift in Sources */ = {isa = PBXBuildFile; fileRef = 97B921612B9DA0EF0053AEED /* RoundButton.swift */; };
		97B921672B9DE94B0053AEED /* HomeViewModel.swift in Sources */ = {isa = PBXBuildFile; fileRef = 97B921662B9DE94B0053AEED /* HomeViewModel.swift */; };
		97B9216A2B9DF32E0053AEED /* NavigationBarView.swift in Sources */ = {isa = PBXBuildFile; fileRef = 97B921692B9DF32E0053AEED /* NavigationBarView.swift */; };
		97B9216D2B9E1C400053AEED /* MainView.swift in Sources */ = {isa = PBXBuildFile; fileRef = 97B9216C2B9E1C400053AEED /* MainView.swift */; };
		97B9216F2B9E26DB0053AEED /* NavigationButton.swift in Sources */ = {isa = PBXBuildFile; fileRef = 97B9216E2B9E26DB0053AEED /* NavigationButton.swift */; };
		97D3B8112BA0F2FE0014FE63 /* SearchTextField.swift in Sources */ = {isa = PBXBuildFile; fileRef = 97D3B8102BA0F2FE0014FE63 /* SearchTextField.swift */; };
		97D85DA72BB75F4D002846CE /* ShopView.swift in Sources */ = {isa = PBXBuildFile; fileRef = 97D85DA62BB75F4D002846CE /* ShopView.swift */; };
		97D85DA92BB7FD7C002846CE /* ShopViewModel.swift in Sources */ = {isa = PBXBuildFile; fileRef = 97D85DA82BB7FD7C002846CE /* ShopViewModel.swift */; };
		97D85DAB2BB860E8002846CE /* CartManager.swift in Sources */ = {isa = PBXBuildFile; fileRef = 97D85DAA2BB860E8002846CE /* CartManager.swift */; };
		97E66D772BA76D3700E23405 /* SectionTitle.swift in Sources */ = {isa = PBXBuildFile; fileRef = 97E66D762BA76D3700E23405 /* SectionTitle.swift */; };
/* End PBXBuildFile section */

/* Begin PBXFileReference section */
		973E65842BB5EB790011178A /* Globals.swift */ = {isa = PBXFileReference; lastKnownFileType = sourcecode.swift; path = Globals.swift; sourceTree = "<group>"; };
		973E65872BB6756E0011178A /* ProductDetailView.swift */ = {isa = PBXFileReference; lastKnownFileType = sourcecode.swift; path = ProductDetailView.swift; sourceTree = "<group>"; };
		973E65892BB677150011178A /* ProductDetailViewModel.swift */ = {isa = PBXFileReference; lastKnownFileType = sourcecode.swift; path = ProductDetailViewModel.swift; sourceTree = "<group>"; };
		974BB7A52BB8B86300089E99 /* CartProduct.swift */ = {isa = PBXFileReference; lastKnownFileType = sourcecode.swift; path = CartProduct.swift; sourceTree = "<group>"; };
		975A8A762BB8AF0100FD3738 /* BagView.swift */ = {isa = PBXFileReference; lastKnownFileType = sourcecode.swift; path = BagView.swift; sourceTree = "<group>"; };
		975F8DEF2BAA110A00558B5F /* ProductView.swift */ = {isa = PBXFileReference; lastKnownFileType = sourcecode.swift; path = ProductView.swift; sourceTree = "<group>"; };
		97630EF22B9CCF53008FF557 /* Clothify.app */ = {isa = PBXFileReference; explicitFileType = wrapper.application; includeInIndex = 0; path = Clothify.app; sourceTree = BUILT_PRODUCTS_DIR; };
		97630EF52B9CCF53008FF557 /* ClothifyApp.swift */ = {isa = PBXFileReference; lastKnownFileType = sourcecode.swift; path = ClothifyApp.swift; sourceTree = "<group>"; };
		97630EF72B9CCF53008FF557 /* HomeView.swift */ = {isa = PBXFileReference; lastKnownFileType = sourcecode.swift; path = HomeView.swift; sourceTree = "<group>"; };
		97630EF92B9CCF5A008FF557 /* Assets.xcassets */ = {isa = PBXFileReference; lastKnownFileType = folder.assetcatalog; path = Assets.xcassets; sourceTree = "<group>"; };
		97630EFC2B9CCF5A008FF557 /* Preview Assets.xcassets */ = {isa = PBXFileReference; lastKnownFileType = folder.assetcatalog; path = "Preview Assets.xcassets"; sourceTree = "<group>"; };
		97ACAE232BB3481500A04379 /* Product.swift */ = {isa = PBXFileReference; lastKnownFileType = sourcecode.swift; path = Product.swift; sourceTree = "<group>"; };
		97ACAE252BB34A5D00A04379 /* ProductViewModel.swift */ = {isa = PBXFileReference; lastKnownFileType = sourcecode.swift; path = ProductViewModel.swift; sourceTree = "<group>"; };
		97B921502B9D793C0053AEED /* Info.plist */ = {isa = PBXFileReference; lastKnownFileType = text.plist; path = Info.plist; sourceTree = "<group>"; };
		97B921522B9D7CCC0053AEED /* Metropolis-Medium.otf */ = {isa = PBXFileReference; lastKnownFileType = file; path = "Metropolis-Medium.otf"; sourceTree = "<group>"; };
		97B921532B9D7CCC0053AEED /* Metropolis-SemiBold.otf */ = {isa = PBXFileReference; lastKnownFileType = file; path = "Metropolis-SemiBold.otf"; sourceTree = "<group>"; };
		97B921542B9D7CCC0053AEED /* Metropolis-Regular.otf */ = {isa = PBXFileReference; lastKnownFileType = file; path = "Metropolis-Regular.otf"; sourceTree = "<group>"; };
		97B921552B9D7CCC0053AEED /* Metropolis-Bold.otf */ = {isa = PBXFileReference; lastKnownFileType = file; path = "Metropolis-Bold.otf"; sourceTree = "<group>"; };
		97B9215B2B9D855D0053AEED /* Launch Screen.storyboard */ = {isa = PBXFileReference; lastKnownFileType = file.storyboard; path = "Launch Screen.storyboard"; sourceTree = "<group>"; };
		97B9215F2B9D949A0053AEED /* UIExtension.swift */ = {isa = PBXFileReference; lastKnownFileType = sourcecode.swift; path = UIExtension.swift; sourceTree = "<group>"; };
		97B921612B9DA0EF0053AEED /* RoundButton.swift */ = {isa = PBXFileReference; lastKnownFileType = sourcecode.swift; path = RoundButton.swift; sourceTree = "<group>"; };
		97B921662B9DE94B0053AEED /* HomeViewModel.swift */ = {isa = PBXFileReference; lastKnownFileType = sourcecode.swift; path = HomeViewModel.swift; sourceTree = "<group>"; };
		97B921692B9DF32E0053AEED /* NavigationBarView.swift */ = {isa = PBXFileReference; lastKnownFileType = sourcecode.swift; path = NavigationBarView.swift; sourceTree = "<group>"; };
		97B9216C2B9E1C400053AEED /* MainView.swift */ = {isa = PBXFileReference; lastKnownFileType = sourcecode.swift; path = MainView.swift; sourceTree = "<group>"; };
		97B9216E2B9E26DB0053AEED /* NavigationButton.swift */ = {isa = PBXFileReference; lastKnownFileType = sourcecode.swift; path = NavigationButton.swift; sourceTree = "<group>"; };
		97D3B8102BA0F2FE0014FE63 /* SearchTextField.swift */ = {isa = PBXFileReference; lastKnownFileType = sourcecode.swift; path = SearchTextField.swift; sourceTree = "<group>"; };
		97D85DA62BB75F4D002846CE /* ShopView.swift */ = {isa = PBXFileReference; lastKnownFileType = sourcecode.swift; path = ShopView.swift; sourceTree = "<group>"; };
		97D85DA82BB7FD7C002846CE /* ShopViewModel.swift */ = {isa = PBXFileReference; lastKnownFileType = sourcecode.swift; path = ShopViewModel.swift; sourceTree = "<group>"; };
		97D85DAA2BB860E8002846CE /* CartManager.swift */ = {isa = PBXFileReference; lastKnownFileType = sourcecode.swift; path = CartManager.swift; sourceTree = "<group>"; };
		97E66D762BA76D3700E23405 /* SectionTitle.swift */ = {isa = PBXFileReference; lastKnownFileType = sourcecode.swift; path = SectionTitle.swift; sourceTree = "<group>"; };
/* End PBXFileReference section */

/* Begin PBXFrameworksBuildPhase section */
		97630EEF2B9CCF53008FF557 /* Frameworks */ = {
			isa = PBXFrameworksBuildPhase;
			buildActionMask = 2147483647;
			files = (
			);
			runOnlyForDeploymentPostprocessing = 0;
		};
/* End PBXFrameworksBuildPhase section */

/* Begin PBXGroup section */
		973E65862BB6754A0011178A /* Home */ = {
			isa = PBXGroup;
			children = (
				975F8DEF2BAA110A00558B5F /* ProductView.swift */,
				97630EF72B9CCF53008FF557 /* HomeView.swift */,
				973E65872BB6756E0011178A /* ProductDetailView.swift */,
			);
			path = Home;
			sourceTree = "<group>";
		};
		975A8A732BB8AEAF00FD3738 /* Bag */ = {
			isa = PBXGroup;
			children = (
				975A8A762BB8AF0100FD3738 /* BagView.swift */,
			);
			path = Bag;
			sourceTree = "<group>";
		};
		97630EE92B9CCF53008FF557 = {
			isa = PBXGroup;
			children = (
				97630EF42B9CCF53008FF557 /* Clothify */,
				97630EF32B9CCF53008FF557 /* Products */,
			);
			sourceTree = "<group>";
		};
		97630EF32B9CCF53008FF557 /* Products */ = {
			isa = PBXGroup;
			children = (
				97630EF22B9CCF53008FF557 /* Clothify.app */,
			);
			name = Products;
			sourceTree = "<group>";
		};
		97630EF42B9CCF53008FF557 /* Clothify */ = {
			isa = PBXGroup;
			children = (
				97B921632B9DB6B70053AEED /* Application */,
				97B9215A2B9D7DA70053AEED /* UICommon */,
				97B921512B9D7C040053AEED /* font */,
				97B921502B9D793C0053AEED /* Info.plist */,
				97630F052B9CD145008FF557 /* Model */,
				97630F042B9CD138008FF557 /* ViewModel */,
				97630F032B9CD12A008FF557 /* Views */,
				97630EF92B9CCF5A008FF557 /* Assets.xcassets */,
				97630EFB2B9CCF5A008FF557 /* Preview Content */,
				97B9215B2B9D855D0053AEED /* Launch Screen.storyboard */,
			);
			path = Clothify;
			sourceTree = "<group>";
		};
		97630EFB2B9CCF5A008FF557 /* Preview Content */ = {
			isa = PBXGroup;
			children = (
				97630EFC2B9CCF5A008FF557 /* Preview Assets.xcassets */,
			);
			path = "Preview Content";
			sourceTree = "<group>";
		};
		97630F032B9CD12A008FF557 /* Views */ = {
			isa = PBXGroup;
			children = (
				975A8A732BB8AEAF00FD3738 /* Bag */,
				97D85DA52BB75F23002846CE /* Shop */,
				973E65862BB6754A0011178A /* Home */,
				97B9216B2B9E1B790053AEED /* MainTab */,
				97B921682B9DF30A0053AEED /* Navigation */,
			);
			path = Views;
			sourceTree = "<group>";
		};
		97630F042B9CD138008FF557 /* ViewModel */ = {
			isa = PBXGroup;
			children = (
				97B921662B9DE94B0053AEED /* HomeViewModel.swift */,
				97ACAE252BB34A5D00A04379 /* ProductViewModel.swift */,
				973E65892BB677150011178A /* ProductDetailViewModel.swift */,
				97D85DA82BB7FD7C002846CE /* ShopViewModel.swift */,
			);
			path = ViewModel;
			sourceTree = "<group>";
		};
		97630F052B9CD145008FF557 /* Model */ = {
			isa = PBXGroup;
			children = (
				97ACAE232BB3481500A04379 /* Product.swift */,
			);
			path = Model;
			sourceTree = "<group>";
		};
		97B921512B9D7C040053AEED /* font */ = {
			isa = PBXGroup;
			children = (
				97B921552B9D7CCC0053AEED /* Metropolis-Bold.otf */,
				97B921522B9D7CCC0053AEED /* Metropolis-Medium.otf */,
				97B921542B9D7CCC0053AEED /* Metropolis-Regular.otf */,
				97B921532B9D7CCC0053AEED /* Metropolis-SemiBold.otf */,
			);
			path = font;
			sourceTree = "<group>";
		};
		97B9215A2B9D7DA70053AEED /* UICommon */ = {
			isa = PBXGroup;
			children = (
				97B9215F2B9D949A0053AEED /* UIExtension.swift */,
				97B921612B9DA0EF0053AEED /* RoundButton.swift */,
				97B9216E2B9E26DB0053AEED /* NavigationButton.swift */,
				97D3B8102BA0F2FE0014FE63 /* SearchTextField.swift */,
				97E66D762BA76D3700E23405 /* SectionTitle.swift */,
				973E65842BB5EB790011178A /* Globals.swift */,
				97D85DAA2BB860E8002846CE /* CartManager.swift */,
				974BB7A52BB8B86300089E99 /* CartProduct.swift */,
			);
			path = UICommon;
			sourceTree = "<group>";
		};
		97B921632B9DB6B70053AEED /* Application */ = {
			isa = PBXGroup;
			children = (
				97630EF52B9CCF53008FF557 /* ClothifyApp.swift */,
			);
			path = Application;
			sourceTree = "<group>";
		};
		97B921682B9DF30A0053AEED /* Navigation */ = {
			isa = PBXGroup;
			children = (
				97B921692B9DF32E0053AEED /* NavigationBarView.swift */,
			);
			path = Navigation;
			sourceTree = "<group>";
		};
		97B9216B2B9E1B790053AEED /* MainTab */ = {
			isa = PBXGroup;
			children = (
				97B9216C2B9E1C400053AEED /* MainView.swift */,
			);
			path = MainTab;
			sourceTree = "<group>";
		};
		97D85DA52BB75F23002846CE /* Shop */ = {
			isa = PBXGroup;
			children = (
				97D85DA62BB75F4D002846CE /* ShopView.swift */,
			);
			path = Shop;
			sourceTree = "<group>";
		};
/* End PBXGroup section */

/* Begin PBXNativeTarget section */
		97630EF12B9CCF53008FF557 /* Clothify */ = {
			isa = PBXNativeTarget;
			buildConfigurationList = 97630F002B9CCF5A008FF557 /* Build configuration list for PBXNativeTarget "Clothify" */;
			buildPhases = (
				97630EEE2B9CCF53008FF557 /* Sources */,
				97630EEF2B9CCF53008FF557 /* Frameworks */,
				97630EF02B9CCF53008FF557 /* Resources */,
			);
			buildRules = (
			);
			dependencies = (
			);
			name = Clothify;
			productName = Clothify;
			productReference = 97630EF22B9CCF53008FF557 /* Clothify.app */;
			productType = "com.apple.product-type.application";
		};
/* End PBXNativeTarget section */

/* Begin PBXProject section */
		97630EEA2B9CCF53008FF557 /* Project object */ = {
			isa = PBXProject;
			attributes = {
				BuildIndependentTargetsInParallel = 1;
				LastSwiftUpdateCheck = 1500;
				LastUpgradeCheck = 1500;
				TargetAttributes = {
					97630EF12B9CCF53008FF557 = {
						CreatedOnToolsVersion = 15.0.1;
					};
				};
			};
			buildConfigurationList = 97630EED2B9CCF53008FF557 /* Build configuration list for PBXProject "Clothify" */;
			compatibilityVersion = "Xcode 14.0";
			developmentRegion = en;
			hasScannedForEncodings = 0;
			knownRegions = (
				en,
				Base,
			);
			mainGroup = 97630EE92B9CCF53008FF557;
			productRefGroup = 97630EF32B9CCF53008FF557 /* Products */;
			projectDirPath = "";
			projectRoot = "";
			targets = (
				97630EF12B9CCF53008FF557 /* Clothify */,
			);
		};
/* End PBXProject section */

/* Begin PBXResourcesBuildPhase section */
		97630EF02B9CCF53008FF557 /* Resources */ = {
			isa = PBXResourcesBuildPhase;
			buildActionMask = 2147483647;
			files = (
				97B921582B9D7CCC0053AEED /* Metropolis-Regular.otf in Resources */,
				97B921572B9D7CCC0053AEED /* Metropolis-SemiBold.otf in Resources */,
				97B921592B9D7CCC0053AEED /* Metropolis-Bold.otf in Resources */,
				97B9215C2B9D855D0053AEED /* Launch Screen.storyboard in Resources */,
				97630EFD2B9CCF5A008FF557 /* Preview Assets.xcassets in Resources */,
				97B921562B9D7CCC0053AEED /* Metropolis-Medium.otf in Resources */,
				97630EFA2B9CCF5A008FF557 /* Assets.xcassets in Resources */,
			);
			runOnlyForDeploymentPostprocessing = 0;
		};
/* End PBXResourcesBuildPhase section */

/* Begin PBXSourcesBuildPhase section */
		97630EEE2B9CCF53008FF557 /* Sources */ = {
			isa = PBXSourcesBuildPhase;
			buildActionMask = 2147483647;
			files = (
				97E66D772BA76D3700E23405 /* SectionTitle.swift in Sources */,
				97B921622B9DA0EF0053AEED /* RoundButton.swift in Sources */,
				97630EF82B9CCF53008FF557 /* HomeView.swift in Sources */,
				97B921602B9D949A0053AEED /* UIExtension.swift in Sources */,
				97B921672B9DE94B0053AEED /* HomeViewModel.swift in Sources */,
				97ACAE262BB34A5D00A04379 /* ProductViewModel.swift in Sources */,
				97D85DA72BB75F4D002846CE /* ShopView.swift in Sources */,
				973E65852BB5EB790011178A /* Globals.swift in Sources */,
				97D85DA92BB7FD7C002846CE /* ShopViewModel.swift in Sources */,
				975A8A772BB8AF0100FD3738 /* BagView.swift in Sources */,
				973E658A2BB677150011178A /* ProductDetailViewModel.swift in Sources */,
				97ACAE242BB3481500A04379 /* Product.swift in Sources */,
				97B9216D2B9E1C400053AEED /* MainView.swift in Sources */,
				97B9216F2B9E26DB0053AEED /* NavigationButton.swift in Sources */,
				975F8DF02BAA110A00558B5F /* ProductView.swift in Sources */,
				973E65882BB6756E0011178A /* ProductDetailView.swift in Sources */,
				97D85DAB2BB860E8002846CE /* CartManager.swift in Sources */,
				97B9216A2B9DF32E0053AEED /* NavigationBarView.swift in Sources */,
				974BB7A62BB8B86300089E99 /* CartProduct.swift in Sources */,
				97630EF62B9CCF53008FF557 /* ClothifyApp.swift in Sources */,
				97D3B8112BA0F2FE0014FE63 /* SearchTextField.swift in Sources */,
			);
			runOnlyForDeploymentPostprocessing = 0;
		};
/* End PBXSourcesBuildPhase section */

/* Begin XCBuildConfiguration section */
		97630EFE2B9CCF5A008FF557 /* Debug */ = {
			isa = XCBuildConfiguration;
			buildSettings = {
				ALWAYS_SEARCH_USER_PATHS = NO;
				ASSETCATALOG_COMPILER_GENERATE_SWIFT_ASSET_SYMBOL_EXTENSIONS = YES;
				CLANG_ANALYZER_NONNULL = YES;
				CLANG_ANALYZER_NUMBER_OBJECT_CONVERSION = YES_AGGRESSIVE;
				CLANG_CXX_LANGUAGE_STANDARD = "gnu++20";
				CLANG_ENABLE_MODULES = YES;
				CLANG_ENABLE_OBJC_ARC = YES;
				CLANG_ENABLE_OBJC_WEAK = YES;
				CLANG_WARN_BLOCK_CAPTURE_AUTORELEASING = YES;
				CLANG_WARN_BOOL_CONVERSION = YES;
				CLANG_WARN_COMMA = YES;
				CLANG_WARN_CONSTANT_CONVERSION = YES;
				CLANG_WARN_DEPRECATED_OBJC_IMPLEMENTATIONS = YES;
				CLANG_WARN_DIRECT_OBJC_ISA_USAGE = YES_ERROR;
				CLANG_WARN_DOCUMENTATION_COMMENTS = YES;
				CLANG_WARN_EMPTY_BODY = YES;
				CLANG_WARN_ENUM_CONVERSION = YES;
				CLANG_WARN_INFINITE_RECURSION = YES;
				CLANG_WARN_INT_CONVERSION = YES;
				CLANG_WARN_NON_LITERAL_NULL_CONVERSION = YES;
				CLANG_WARN_OBJC_IMPLICIT_RETAIN_SELF = YES;
				CLANG_WARN_OBJC_LITERAL_CONVERSION = YES;
				CLANG_WARN_OBJC_ROOT_CLASS = YES_ERROR;
				CLANG_WARN_QUOTED_INCLUDE_IN_FRAMEWORK_HEADER = YES;
				CLANG_WARN_RANGE_LOOP_ANALYSIS = YES;
				CLANG_WARN_STRICT_PROTOTYPES = YES;
				CLANG_WARN_SUSPICIOUS_MOVE = YES;
				CLANG_WARN_UNGUARDED_AVAILABILITY = YES_AGGRESSIVE;
				CLANG_WARN_UNREACHABLE_CODE = YES;
				CLANG_WARN__DUPLICATE_METHOD_MATCH = YES;
				COPY_PHASE_STRIP = NO;
				DEBUG_INFORMATION_FORMAT = dwarf;
				ENABLE_STRICT_OBJC_MSGSEND = YES;
				ENABLE_TESTABILITY = YES;
				ENABLE_USER_SCRIPT_SANDBOXING = YES;
				GCC_C_LANGUAGE_STANDARD = gnu17;
				GCC_DYNAMIC_NO_PIC = NO;
				GCC_NO_COMMON_BLOCKS = YES;
				GCC_OPTIMIZATION_LEVEL = 0;
				GCC_PREPROCESSOR_DEFINITIONS = (
					"DEBUG=1",
					"$(inherited)",
				);
				GCC_WARN_64_TO_32_BIT_CONVERSION = YES;
				GCC_WARN_ABOUT_RETURN_TYPE = YES_ERROR;
				GCC_WARN_UNDECLARED_SELECTOR = YES;
				GCC_WARN_UNINITIALIZED_AUTOS = YES_AGGRESSIVE;
				GCC_WARN_UNUSED_FUNCTION = YES;
				GCC_WARN_UNUSED_VARIABLE = YES;
				IPHONEOS_DEPLOYMENT_TARGET = 17.0;
				LOCALIZATION_PREFERS_STRING_CATALOGS = YES;
				MTL_ENABLE_DEBUG_INFO = INCLUDE_SOURCE;
				MTL_FAST_MATH = YES;
				ONLY_ACTIVE_ARCH = YES;
				SDKROOT = iphoneos;
				SWIFT_ACTIVE_COMPILATION_CONDITIONS = "DEBUG $(inherited)";
				SWIFT_OPTIMIZATION_LEVEL = "-Onone";
			};
			name = Debug;
		};
		97630EFF2B9CCF5A008FF557 /* Release */ = {
			isa = XCBuildConfiguration;
			buildSettings = {
				ALWAYS_SEARCH_USER_PATHS = NO;
				ASSETCATALOG_COMPILER_GENERATE_SWIFT_ASSET_SYMBOL_EXTENSIONS = YES;
				CLANG_ANALYZER_NONNULL = YES;
				CLANG_ANALYZER_NUMBER_OBJECT_CONVERSION = YES_AGGRESSIVE;
				CLANG_CXX_LANGUAGE_STANDARD = "gnu++20";
				CLANG_ENABLE_MODULES = YES;
				CLANG_ENABLE_OBJC_ARC = YES;
				CLANG_ENABLE_OBJC_WEAK = YES;
				CLANG_WARN_BLOCK_CAPTURE_AUTORELEASING = YES;
				CLANG_WARN_BOOL_CONVERSION = YES;
				CLANG_WARN_COMMA = YES;
				CLANG_WARN_CONSTANT_CONVERSION = YES;
				CLANG_WARN_DEPRECATED_OBJC_IMPLEMENTATIONS = YES;
				CLANG_WARN_DIRECT_OBJC_ISA_USAGE = YES_ERROR;
				CLANG_WARN_DOCUMENTATION_COMMENTS = YES;
				CLANG_WARN_EMPTY_BODY = YES;
				CLANG_WARN_ENUM_CONVERSION = YES;
				CLANG_WARN_INFINITE_RECURSION = YES;
				CLANG_WARN_INT_CONVERSION = YES;
				CLANG_WARN_NON_LITERAL_NULL_CONVERSION = YES;
				CLANG_WARN_OBJC_IMPLICIT_RETAIN_SELF = YES;
				CLANG_WARN_OBJC_LITERAL_CONVERSION = YES;
				CLANG_WARN_OBJC_ROOT_CLASS = YES_ERROR;
				CLANG_WARN_QUOTED_INCLUDE_IN_FRAMEWORK_HEADER = YES;
				CLANG_WARN_RANGE_LOOP_ANALYSIS = YES;
				CLANG_WARN_STRICT_PROTOTYPES = YES;
				CLANG_WARN_SUSPICIOUS_MOVE = YES;
				CLANG_WARN_UNGUARDED_AVAILABILITY = YES_AGGRESSIVE;
				CLANG_WARN_UNREACHABLE_CODE = YES;
				CLANG_WARN__DUPLICATE_METHOD_MATCH = YES;
				COPY_PHASE_STRIP = NO;
				DEBUG_INFORMATION_FORMAT = "dwarf-with-dsym";
				ENABLE_NS_ASSERTIONS = NO;
				ENABLE_STRICT_OBJC_MSGSEND = YES;
				ENABLE_USER_SCRIPT_SANDBOXING = YES;
				GCC_C_LANGUAGE_STANDARD = gnu17;
				GCC_NO_COMMON_BLOCKS = YES;
				GCC_WARN_64_TO_32_BIT_CONVERSION = YES;
				GCC_WARN_ABOUT_RETURN_TYPE = YES_ERROR;
				GCC_WARN_UNDECLARED_SELECTOR = YES;
				GCC_WARN_UNINITIALIZED_AUTOS = YES_AGGRESSIVE;
				GCC_WARN_UNUSED_FUNCTION = YES;
				GCC_WARN_UNUSED_VARIABLE = YES;
				IPHONEOS_DEPLOYMENT_TARGET = 17.0;
				LOCALIZATION_PREFERS_STRING_CATALOGS = YES;
				MTL_ENABLE_DEBUG_INFO = NO;
				MTL_FAST_MATH = YES;
				SDKROOT = iphoneos;
				SWIFT_COMPILATION_MODE = wholemodule;
				VALIDATE_PRODUCT = YES;
			};
			name = Release;
		};
		97630F012B9CCF5A008FF557 /* Debug */ = {
			isa = XCBuildConfiguration;
			buildSettings = {
				ASSETCATALOG_COMPILER_APPICON_NAME = AppIcon;
				ASSETCATALOG_COMPILER_GLOBAL_ACCENT_COLOR_NAME = AccentColor;
				CODE_SIGN_STYLE = Automatic;
				CURRENT_PROJECT_VERSION = 1;
				DEVELOPMENT_ASSET_PATHS = "\"Clothify/Preview Content\"";
				ENABLE_PREVIEWS = YES;
				GENERATE_INFOPLIST_FILE = YES;
				INFOPLIST_FILE = Clothify/Info.plist;
				INFOPLIST_KEY_CFBundleDisplayName = Clothify;
				INFOPLIST_KEY_LSApplicationCategoryType = "public.app-category.lifestyle";
				INFOPLIST_KEY_UIApplicationSceneManifest_Generation = YES;
				INFOPLIST_KEY_UIApplicationSupportsIndirectInputEvents = YES;
				INFOPLIST_KEY_UILaunchScreen_Generation = YES;
				INFOPLIST_KEY_UILaunchStoryboardName = "Launch Screen.storyboard";
				INFOPLIST_KEY_UIStatusBarHidden = YES;
				INFOPLIST_KEY_UISupportedInterfaceOrientations_iPad = "UIInterfaceOrientationPortrait UIInterfaceOrientationPortraitUpsideDown UIInterfaceOrientationLandscapeLeft UIInterfaceOrientationLandscapeRight";
				INFOPLIST_KEY_UISupportedInterfaceOrientations_iPhone = "UIInterfaceOrientationPortrait UIInterfaceOrientationLandscapeLeft UIInterfaceOrientationLandscapeRight";
				LD_RUNPATH_SEARCH_PATHS = (
					"$(inherited)",
					"@executable_path/Frameworks",
				);
				MARKETING_VERSION = 1.0;
				PRODUCT_BUNDLE_IDENTIFIER = com.Clothify;
				PRODUCT_NAME = "$(TARGET_NAME)";
				SUPPORTED_PLATFORMS = "iphoneos iphonesimulator";
				SUPPORTS_MACCATALYST = NO;
				SUPPORTS_MAC_DESIGNED_FOR_IPHONE_IPAD = NO;
				SWIFT_EMIT_LOC_STRINGS = YES;
				SWIFT_VERSION = 5.0;
				TARGETED_DEVICE_FAMILY = 1;
			};
			name = Debug;
		};
		97630F022B9CCF5A008FF557 /* Release */ = {
			isa = XCBuildConfiguration;
			buildSettings = {
				ASSETCATALOG_COMPILER_APPICON_NAME = AppIcon;
				ASSETCATALOG_COMPILER_GLOBAL_ACCENT_COLOR_NAME = AccentColor;
				CODE_SIGN_STYLE = Automatic;
				CURRENT_PROJECT_VERSION = 1;
				DEVELOPMENT_ASSET_PATHS = "\"Clothify/Preview Content\"";
				ENABLE_PREVIEWS = YES;
				GENERATE_INFOPLIST_FILE = YES;
				INFOPLIST_FILE = Clothify/Info.plist;
				INFOPLIST_KEY_CFBundleDisplayName = Clothify;
				INFOPLIST_KEY_LSApplicationCategoryType = "public.app-category.lifestyle";
				INFOPLIST_KEY_UIApplicationSceneManifest_Generation = YES;
				INFOPLIST_KEY_UIApplicationSupportsIndirectInputEvents = YES;
				INFOPLIST_KEY_UILaunchScreen_Generation = YES;
				INFOPLIST_KEY_UILaunchStoryboardName = "Launch Screen.storyboard";
				INFOPLIST_KEY_UIStatusBarHidden = YES;
				INFOPLIST_KEY_UISupportedInterfaceOrientations_iPad = "UIInterfaceOrientationPortrait UIInterfaceOrientationPortraitUpsideDown UIInterfaceOrientationLandscapeLeft UIInterfaceOrientationLandscapeRight";
				INFOPLIST_KEY_UISupportedInterfaceOrientations_iPhone = "UIInterfaceOrientationPortrait UIInterfaceOrientationLandscapeLeft UIInterfaceOrientationLandscapeRight";
				LD_RUNPATH_SEARCH_PATHS = (
					"$(inherited)",
					"@executable_path/Frameworks",
				);
				MARKETING_VERSION = 1.0;
				PRODUCT_BUNDLE_IDENTIFIER = com.Clothify;
				PRODUCT_NAME = "$(TARGET_NAME)";
				SUPPORTED_PLATFORMS = "iphoneos iphonesimulator";
				SUPPORTS_MACCATALYST = NO;
				SUPPORTS_MAC_DESIGNED_FOR_IPHONE_IPAD = NO;
				SWIFT_EMIT_LOC_STRINGS = YES;
				SWIFT_VERSION = 5.0;
				TARGETED_DEVICE_FAMILY = 1;
			};
			name = Release;
		};
/* End XCBuildConfiguration section */

/* Begin XCConfigurationList section */
		97630EED2B9CCF53008FF557 /* Build configuration list for PBXProject "Clothify" */ = {
			isa = XCConfigurationList;
			buildConfigurations = (
				97630EFE2B9CCF5A008FF557 /* Debug */,
				97630EFF2B9CCF5A008FF557 /* Release */,
			);
			defaultConfigurationIsVisible = 0;
			defaultConfigurationName = Release;
		};
		97630F002B9CCF5A008FF557 /* Build configuration list for PBXNativeTarget "Clothify" */ = {
			isa = XCConfigurationList;
			buildConfigurations = (
				97630F012B9CCF5A008FF557 /* Debug */,
				97630F022B9CCF5A008FF557 /* Release */,
			);
			defaultConfigurationIsVisible = 0;
			defaultConfigurationName = Release;
		};
/* End XCConfigurationList section */
	};
	rootObject = 97630EEA2B9CCF53008FF557 /* Project object */;
}
